
Microsoft Visual Studio Solution File, Format Version 12.00
# Visual Studio 15
VisualStudioVersion = 15.0.28010.2041
MinimumVisualStudioVersion = 10.0.40219.1
Project("{FAE04EC0-301F-11D3-BF4B-00C04F79EFBC}") = "MyGrammar", "MyGrammar\MyGrammar.csproj", "{3B4AF362-6F1B-47DF-89B6-93CC5DD54A76}"
EndProject
Global
	GlobalSection(SolutionConfigurationPlatforms) = preSolution
		Debug|Any CPU = Debug|Any CPU
		Release|Any CPU = Release|Any CPU
	EndGlobalSection
	GlobalSection(ProjectConfigurationPlatforms) = postSolution
		{3B4AF362-6F1B-47DF-89B6-93CC5DD54A76}.Debug|Any CPU.ActiveCfg = Debug|Any CPU
		{3B4AF362-6F1B-47DF-89B6-93CC5DD54A76}.Debug|Any CPU.Build.0 = Debug|Any CPU
		{3B4AF362-6F1B-47DF-89B6-93CC5DD54A76}.Release|Any CPU.ActiveCfg = Release|Any CPU
		{3B4AF362-6F1B-47DF-89B6-93CC5DD54A76}.Release|Any CPU.Build.0 = Release|Any CPU
	EndGlobalSection
	GlobalSection(SolutionProperties) = preSolution
		HideSolutionNode = FALSE
	EndGlobalSection
	GlobalSection(ExtensibilityGlobals) = postSolution
		SolutionGuid = {2C2D0F69-B8EE-4E02-8336-D513F5E115FE}
	EndGlobalSection
EndGlobal
